
Microsoft Visual Studio Solution File, Format Version 12.00
# Visual Studio Version 16
VisualStudioVersion = 16.0.29728.190
MinimumVisualStudioVersion = 10.0.40219.1
Project("{FAE04EC0-301F-11D3-BF4B-00C04F79EFBC}") = "Serie.6", "Serie.6\Serie.6.csproj", "{DA7C9116-B494-4A05-BDC1-98990EA54530}"
EndProject
Global
	GlobalSection(SolutionConfigurationPlatforms) = preSolution
		Debug|Any CPU = Debug|Any CPU
		Release|Any CPU = Release|Any CPU
	EndGlobalSection
	GlobalSection(ProjectConfigurationPlatforms) = postSolution
		{DA7C9116-B494-4A05-BDC1-98990EA54530}.Debug|Any CPU.ActiveCfg = Debug|Any CPU
		{DA7C9116-B494-4A05-BDC1-98990EA54530}.Debug|Any CPU.Build.0 = Debug|Any CPU
		{DA7C9116-B494-4A05-BDC1-98990EA54530}.Release|Any CPU.ActiveCfg = Release|Any CPU
		{DA7C9116-B494-4A05-BDC1-98990EA54530}.Release|Any CPU.Build.0 = Release|Any CPU
	EndGlobalSection
	GlobalSection(SolutionProperties) = preSolution
		HideSolutionNode = FALSE
	EndGlobalSection
	GlobalSection(ExtensibilityGlobals) = postSolution
		SolutionGuid = {99A07670-BE1D-4809-84AE-E36640338617}
	EndGlobalSection
EndGlobal
