
Microsoft Visual Studio Solution File, Format Version 12.00
# Visual Studio Version 16
VisualStudioVersion = 16.0.29728.190
MinimumVisualStudioVersion = 10.0.40219.1
Project("{FAE04EC0-301F-11D3-BF4B-00C04F79EFBC}") = "Serie.3", "Serie.3\Serie.3.csproj", "{B01C48BC-271B-41A2-9CA8-5EF321F28775}"
EndProject
Global
	GlobalSection(SolutionConfigurationPlatforms) = preSolution
		Debug|Any CPU = Debug|Any CPU
		Release|Any CPU = Release|Any CPU
	EndGlobalSection
	GlobalSection(ProjectConfigurationPlatforms) = postSolution
		{B01C48BC-271B-41A2-9CA8-5EF321F28775}.Debug|Any CPU.ActiveCfg = Debug|Any CPU
		{B01C48BC-271B-41A2-9CA8-5EF321F28775}.Debug|Any CPU.Build.0 = Debug|Any CPU
		{B01C48BC-271B-41A2-9CA8-5EF321F28775}.Release|Any CPU.ActiveCfg = Release|Any CPU
		{B01C48BC-271B-41A2-9CA8-5EF321F28775}.Release|Any CPU.Build.0 = Release|Any CPU
	EndGlobalSection
	GlobalSection(SolutionProperties) = preSolution
		HideSolutionNode = FALSE
	EndGlobalSection
	GlobalSection(ExtensibilityGlobals) = postSolution
		SolutionGuid = {D1E70E75-2227-4955-8F35-8081A3EB725E}
	EndGlobalSection
EndGlobal
